
Microsoft Visual Studio Solution File, Format Version 12.00
# Visual Studio 14
VisualStudioVersion = 14.0.25420.1
MinimumVisualStudioVersion = 10.0.40219.1
Project("{E24C65DC-7377-472B-9ABA-BC803B73C61A}") = "SiExpress", "..\SiExpress", "{EADFAA41-51AB-4735-8F73-45A6E169C4AA}"
	ProjectSection(WebsiteProperties) = preProject
		SccProjectName = "SAK"
		SccAuxPath = "SAK"
		SccLocalPath = "SAK"
		SccProvider = "SAK"
		TargetFrameworkMoniker = ".NETFramework,Version%3Dv4.5"
		Debug.AspNetCompiler.VirtualPath = "/SiExpress"
		Debug.AspNetCompiler.PhysicalPath = "..\SiExpress\"
		Debug.AspNetCompiler.TargetPath = "PrecompiledWeb\SiExpress\"
		Debug.AspNetCompiler.Updateable = "true"
		Debug.AspNetCompiler.ForceOverwrite = "true"
		Debug.AspNetCompiler.FixedNames = "false"
		Debug.AspNetCompiler.Debug = "True"
		Release.AspNetCompiler.VirtualPath = "/SiExpress"
		Release.AspNetCompiler.PhysicalPath = "..\SiExpress\"
		Release.AspNetCompiler.TargetPath = "PrecompiledWeb\SiExpress\"
		Release.AspNetCompiler.Updateable = "true"
		Release.AspNetCompiler.ForceOverwrite = "true"
		Release.AspNetCompiler.FixedNames = "false"
		Release.AspNetCompiler.Debug = "False"
		VWDPort = "19678"
		SlnRelativePath = "..\SiExpress\"
	EndProjectSection
EndProject
Global
	GlobalSection(SolutionConfigurationPlatforms) = preSolution
		Debug|Any CPU = Debug|Any CPU
		Debug|X86 = Debug|X86
	EndGlobalSection
	GlobalSection(ProjectConfigurationPlatforms) = postSolution
		{EADFAA41-51AB-4735-8F73-45A6E169C4AA}.Debug|Any CPU.ActiveCfg = Debug|Any CPU
		{EADFAA41-51AB-4735-8F73-45A6E169C4AA}.Debug|Any CPU.Build.0 = Debug|Any CPU
		{EADFAA41-51AB-4735-8F73-45A6E169C4AA}.Debug|X86.ActiveCfg = Debug|Any CPU
		{EADFAA41-51AB-4735-8F73-45A6E169C4AA}.Debug|X86.Build.0 = Debug|Any CPU
	EndGlobalSection
	GlobalSection(SolutionProperties) = preSolution
		HideSolutionNode = FALSE
	EndGlobalSection
	GlobalSection(TeamFoundationVersionControl) = preSolution
		SccNumberOfProjects = 1
		SccEnterpriseProvider = {4CA58AB2-18FA-4F8D-95D4-32DDF27D184C}
		SccTeamFoundationServer = https://rubendm.visualstudio.com/defaultcollection
		SccWebProject0 = true
		SccProjectUniqueName0 = .
		SccProjectName0 = .
		SccAuxPath0 = https://rubendm.visualstudio.com/defaultcollection
		SccLocalPath0 = .
		SccProvider0 = {4CA58AB2-18FA-4F8D-95D4-32DDF27D184C}
		SccProjectEnlistmentChoice0 = 2
	EndGlobalSection
EndGlobal
